
Microsoft Visual Studio Solution File, Format Version 12.00
# Visual Studio Version 17
VisualStudioVersion = 17.1.32421.90
MinimumVisualStudioVersion = 10.0.40219.1
Project("{FAE04EC0-301F-11D3-BF4B-00C04F79EFBC}") = "SAE2.03", "SAE2.03\SAE2.03.csproj", "{1B3510EE-5CD3-41D6-80C7-FD5A64D17F2F}"
EndProject
Global
	GlobalSection(SolutionConfigurationPlatforms) = preSolution
		Debug|Any CPU = Debug|Any CPU
		Release|Any CPU = Release|Any CPU
	EndGlobalSection
	GlobalSection(ProjectConfigurationPlatforms) = postSolution
		{1B3510EE-5CD3-41D6-80C7-FD5A64D17F2F}.Debug|Any CPU.ActiveCfg = Debug|Any CPU
		{1B3510EE-5CD3-41D6-80C7-FD5A64D17F2F}.Debug|Any CPU.Build.0 = Debug|Any CPU
		{1B3510EE-5CD3-41D6-80C7-FD5A64D17F2F}.Release|Any CPU.ActiveCfg = Release|Any CPU
		{1B3510EE-5CD3-41D6-80C7-FD5A64D17F2F}.Release|Any CPU.Build.0 = Release|Any CPU
	EndGlobalSection
	GlobalSection(SolutionProperties) = preSolution
		HideSolutionNode = FALSE
	EndGlobalSection
	GlobalSection(ExtensibilityGlobals) = postSolution
		SolutionGuid = {A078953E-CC4E-4331-B6F0-41B878C1D310}
	EndGlobalSection
EndGlobal
